
Microsoft Visual Studio Solution File, Format Version 12.00
# Visual Studio Version 17
VisualStudioVersion = 17.3.32929.385
MinimumVisualStudioVersion = 10.0.40219.1
Project("{9A19103F-16F7-4668-BE54-9A1E7A4F7556}") = "Bloggie.Web", "Bloggie.Web\Bloggie.Web.csproj", "{324A04CF-65C2-435B-AA29-E0378E474E24}"
EndProject
Global
	GlobalSection(SolutionConfigurationPlatforms) = preSolution
		Debug|Any CPU = Debug|Any CPU
		Release|Any CPU = Release|Any CPU
	EndGlobalSection
	GlobalSection(ProjectConfigurationPlatforms) = postSolution
		{324A04CF-65C2-435B-AA29-E0378E474E24}.Debug|Any CPU.ActiveCfg = Debug|Any CPU
		{324A04CF-65C2-435B-AA29-E0378E474E24}.Debug|Any CPU.Build.0 = Debug|Any CPU
		{324A04CF-65C2-435B-AA29-E0378E474E24}.Release|Any CPU.ActiveCfg = Release|Any CPU
		{324A04CF-65C2-435B-AA29-E0378E474E24}.Release|Any CPU.Build.0 = Release|Any CPU
	EndGlobalSection
	GlobalSection(SolutionProperties) = preSolution
		HideSolutionNode = FALSE
	EndGlobalSection
	GlobalSection(ExtensibilityGlobals) = postSolution
		SolutionGuid = {85C2229D-7125-47E7-8421-E22683CA8140}
	EndGlobalSection
EndGlobal
